
Microsoft Visual Studio Solution File, Format Version 12.00
# Visual Studio Version 17
VisualStudioVersion = 17.2.32602.215
MinimumVisualStudioVersion = 10.0.40219.1
Project("{2150E333-8FDC-42A3-9474-1A3956D46DE8}") = "1 - Apresentação", "1 - Apresentação", "{1E5D8AA7-3875-4C7C-8306-D7E22A152FF5}"
EndProject
Project("{2150E333-8FDC-42A3-9474-1A3956D46DE8}") = "2 - Dominio", "2 - Dominio", "{96CB60C2-F31E-4CB2-958A-4B1F21504F23}"
EndProject
Project("{2150E333-8FDC-42A3-9474-1A3956D46DE8}") = "3 - Infra", "3 - Infra", "{B46CBBA2-BA24-46F8-861F-0D05684257BF}"
EndProject
Project("{2150E333-8FDC-42A3-9474-1A3956D46DE8}") = "4 - Testes", "4 - Testes", "{0E9CF790-770B-4CD9-80D1-F7B7FAC89B76}"
EndProject
Project("{9A19103F-16F7-4668-BE54-9A1E7A4F7556}") = "LocadoraDeVeiculos.WindowsFormApp", "LocadoraDeVeiculos.WindowsFormApp\LocadoraDeVeiculos.WindowsFormApp.csproj", "{101996EA-974C-49AA-88E0-4C09AE0061EE}"
EndProject
Project("{9A19103F-16F7-4668-BE54-9A1E7A4F7556}") = "LocadoraDeVeiculos.Dominio", "LocadoraDeVeiculos.Dominio\LocadoraDeVeiculos.Dominio.csproj", "{4EF8B823-94EA-4EF5-A0AF-6F173DF97960}"
EndProject
Project("{9A19103F-16F7-4668-BE54-9A1E7A4F7556}") = "LocadoraDeVeiculos.Infra", "LocadoraDeVeiculos.Infra\LocadoraDeVeiculos.Infra.csproj", "{9E214921-2164-4BF2-AD36-65565AB6D861}"
EndProject
Project("{9A19103F-16F7-4668-BE54-9A1E7A4F7556}") = "LocadoraDeVeiculos.Dominio.Tests", "LocadoraDeVeiculos.Teste\LocadoraDeVeiculos.Dominio.Tests.csproj", "{E4A4DB5E-23B6-494E-B656-9FB0EA3D4F5E}"
EndProject
Project("{2150E333-8FDC-42A3-9474-1A3956D46DE8}") = "4.1 Teste Unitário", "4.1 Teste Unitário", "{76D5F6F1-4AAB-4501-9FDD-2E975D9954E4}"
EndProject
Project("{2150E333-8FDC-42A3-9474-1A3956D46DE8}") = "4.2 Testes De Integração", "4.2 Testes De Integração", "{6B7935E9-B689-4E80-BE15-517A25253295}"
EndProject
Project("{9A19103F-16F7-4668-BE54-9A1E7A4F7556}") = "LocadoraDeVeiculos.Infra.BancoDados.tests", "LocadoraDeVeiculos.Infra.BancoDados.tests\LocadoraDeVeiculos.Infra.BancoDados.tests.csproj", "{F1726F3E-D9F4-43FD-80A4-A2DC6C913803}"
EndProject
Project("{00D1A9C2-B5F0-4AF3-8072-F6C62B433612}") = "LocadoraVeiculos.Db", "LocadoraVeiculos.Db\LocadoraVeiculos.Db.sqlproj", "{E8405A76-D19A-433C-A265-8AA328DB5A7B}"
EndProject
Global
	GlobalSection(SolutionConfigurationPlatforms) = preSolution
		Debug|Any CPU = Debug|Any CPU
		Release|Any CPU = Release|Any CPU
	EndGlobalSection
	GlobalSection(ProjectConfigurationPlatforms) = postSolution
		{101996EA-974C-49AA-88E0-4C09AE0061EE}.Debug|Any CPU.ActiveCfg = Debug|Any CPU
		{101996EA-974C-49AA-88E0-4C09AE0061EE}.Debug|Any CPU.Build.0 = Debug|Any CPU
		{101996EA-974C-49AA-88E0-4C09AE0061EE}.Release|Any CPU.ActiveCfg = Release|Any CPU
		{101996EA-974C-49AA-88E0-4C09AE0061EE}.Release|Any CPU.Build.0 = Release|Any CPU
		{4EF8B823-94EA-4EF5-A0AF-6F173DF97960}.Debug|Any CPU.ActiveCfg = Debug|Any CPU
		{4EF8B823-94EA-4EF5-A0AF-6F173DF97960}.Debug|Any CPU.Build.0 = Debug|Any CPU
		{4EF8B823-94EA-4EF5-A0AF-6F173DF97960}.Release|Any CPU.ActiveCfg = Release|Any CPU
		{4EF8B823-94EA-4EF5-A0AF-6F173DF97960}.Release|Any CPU.Build.0 = Release|Any CPU
		{9E214921-2164-4BF2-AD36-65565AB6D861}.Debug|Any CPU.ActiveCfg = Debug|Any CPU
		{9E214921-2164-4BF2-AD36-65565AB6D861}.Debug|Any CPU.Build.0 = Debug|Any CPU
		{9E214921-2164-4BF2-AD36-65565AB6D861}.Release|Any CPU.ActiveCfg = Release|Any CPU
		{9E214921-2164-4BF2-AD36-65565AB6D861}.Release|Any CPU.Build.0 = Release|Any CPU
		{E4A4DB5E-23B6-494E-B656-9FB0EA3D4F5E}.Debug|Any CPU.ActiveCfg = Debug|Any CPU
		{E4A4DB5E-23B6-494E-B656-9FB0EA3D4F5E}.Debug|Any CPU.Build.0 = Debug|Any CPU
		{E4A4DB5E-23B6-494E-B656-9FB0EA3D4F5E}.Release|Any CPU.ActiveCfg = Release|Any CPU
		{E4A4DB5E-23B6-494E-B656-9FB0EA3D4F5E}.Release|Any CPU.Build.0 = Release|Any CPU
		{F1726F3E-D9F4-43FD-80A4-A2DC6C913803}.Debug|Any CPU.ActiveCfg = Debug|Any CPU
		{F1726F3E-D9F4-43FD-80A4-A2DC6C913803}.Debug|Any CPU.Build.0 = Debug|Any CPU
		{F1726F3E-D9F4-43FD-80A4-A2DC6C913803}.Release|Any CPU.ActiveCfg = Release|Any CPU
		{F1726F3E-D9F4-43FD-80A4-A2DC6C913803}.Release|Any CPU.Build.0 = Release|Any CPU
		{E8405A76-D19A-433C-A265-8AA328DB5A7B}.Debug|Any CPU.ActiveCfg = Debug|Any CPU
		{E8405A76-D19A-433C-A265-8AA328DB5A7B}.Debug|Any CPU.Build.0 = Debug|Any CPU
		{E8405A76-D19A-433C-A265-8AA328DB5A7B}.Debug|Any CPU.Deploy.0 = Debug|Any CPU
		{E8405A76-D19A-433C-A265-8AA328DB5A7B}.Release|Any CPU.ActiveCfg = Release|Any CPU
		{E8405A76-D19A-433C-A265-8AA328DB5A7B}.Release|Any CPU.Build.0 = Release|Any CPU
		{E8405A76-D19A-433C-A265-8AA328DB5A7B}.Release|Any CPU.Deploy.0 = Release|Any CPU
	EndGlobalSection
	GlobalSection(SolutionProperties) = preSolution
		HideSolutionNode = FALSE
	EndGlobalSection
	GlobalSection(NestedProjects) = preSolution
		{101996EA-974C-49AA-88E0-4C09AE0061EE} = {1E5D8AA7-3875-4C7C-8306-D7E22A152FF5}
		{4EF8B823-94EA-4EF5-A0AF-6F173DF97960} = {96CB60C2-F31E-4CB2-958A-4B1F21504F23}
		{9E214921-2164-4BF2-AD36-65565AB6D861} = {B46CBBA2-BA24-46F8-861F-0D05684257BF}
		{E4A4DB5E-23B6-494E-B656-9FB0EA3D4F5E} = {76D5F6F1-4AAB-4501-9FDD-2E975D9954E4}
		{76D5F6F1-4AAB-4501-9FDD-2E975D9954E4} = {0E9CF790-770B-4CD9-80D1-F7B7FAC89B76}
		{6B7935E9-B689-4E80-BE15-517A25253295} = {0E9CF790-770B-4CD9-80D1-F7B7FAC89B76}
		{F1726F3E-D9F4-43FD-80A4-A2DC6C913803} = {6B7935E9-B689-4E80-BE15-517A25253295}
		{E8405A76-D19A-433C-A265-8AA328DB5A7B} = {B46CBBA2-BA24-46F8-861F-0D05684257BF}
	EndGlobalSection
	GlobalSection(ExtensibilityGlobals) = postSolution
		SolutionGuid = {DDAB53D9-3E65-47B7-8B35-04F8FB3D762A}
	EndGlobalSection
EndGlobal
